
Microsoft Visual Studio Solution File, Format Version 12.00
# Visual Studio 15
VisualStudioVersion = 15.0.28307.329
MinimumVisualStudioVersion = 10.0.40219.1
Project("{FAE04EC0-301F-11D3-BF4B-00C04F79EFBC}") = "ASP_MEMBER_WORKSHOP", "ASP_MEMBER_WORKSHOP\ASP_MEMBER_WORKSHOP.csproj", "{D5094A33-8B1E-45D8-9A65-EFEF82C22BFF}"
EndProject
Project("{FAE04EC0-301F-11D3-BF4B-00C04F79EFBC}") = "ASP_MEMBER_WORKSHOP.Tests", "ASP_MEMBER_WORKSHOP.Tests\ASP_MEMBER_WORKSHOP.Tests.csproj", "{441B3C9A-7EF2-426E-9959-BAF3B7BCC204}"
EndProject
Global
	GlobalSection(SolutionConfigurationPlatforms) = preSolution
		Debug|Any CPU = Debug|Any CPU
		Release|Any CPU = Release|Any CPU
	EndGlobalSection
	GlobalSection(ProjectConfigurationPlatforms) = postSolution
		{D5094A33-8B1E-45D8-9A65-EFEF82C22BFF}.Debug|Any CPU.ActiveCfg = Debug|Any CPU
		{D5094A33-8B1E-45D8-9A65-EFEF82C22BFF}.Debug|Any CPU.Build.0 = Debug|Any CPU
		{D5094A33-8B1E-45D8-9A65-EFEF82C22BFF}.Release|Any CPU.ActiveCfg = Release|Any CPU
		{D5094A33-8B1E-45D8-9A65-EFEF82C22BFF}.Release|Any CPU.Build.0 = Release|Any CPU
		{441B3C9A-7EF2-426E-9959-BAF3B7BCC204}.Debug|Any CPU.ActiveCfg = Debug|Any CPU
		{441B3C9A-7EF2-426E-9959-BAF3B7BCC204}.Debug|Any CPU.Build.0 = Debug|Any CPU
		{441B3C9A-7EF2-426E-9959-BAF3B7BCC204}.Release|Any CPU.ActiveCfg = Release|Any CPU
		{441B3C9A-7EF2-426E-9959-BAF3B7BCC204}.Release|Any CPU.Build.0 = Release|Any CPU
	EndGlobalSection
	GlobalSection(SolutionProperties) = preSolution
		HideSolutionNode = FALSE
	EndGlobalSection
	GlobalSection(ExtensibilityGlobals) = postSolution
		SolutionGuid = {0EAEAD96-FAC3-4409-9867-33A5B38ADD09}
	EndGlobalSection
EndGlobal
